
Microsoft Visual Studio Solution File, Format Version 12.00
# Visual Studio 2013
VisualStudioVersion = 12.0.20827.3
MinimumVisualStudioVersion = 10.0.40219.1
Project("{2150E333-8FDC-42A3-9474-1A3956D46DE8}") = "Service", "Service", "{BDA869ED-D2C2-4F00-A50B-FA2EA1FC7605}"
EndProject
Project("{2150E333-8FDC-42A3-9474-1A3956D46DE8}") = "Client", "Client", "{C9459283-A89A-486A-836A-A956B56CD324}"
EndProject
Project("{2150E333-8FDC-42A3-9474-1A3956D46DE8}") = "Solution Items", "Solution Items", "{0E6C7A3C-53AF-4AD4-A9C8-3F9F0A873F6A}"
	ProjectSection(SolutionItems) = preProject
		TODO.txt = TODO.txt
		Diagrams\Tontine.vsdx = Diagrams\Tontine.vsdx
	EndProjectSection
EndProject
Project("{2150E333-8FDC-42A3-9474-1A3956D46DE8}") = "Model", "Model", "{80EE9A51-6E61-470F-BA8D-935689E58A66}"
EndProject
Project("{2150E333-8FDC-42A3-9474-1A3956D46DE8}") = "Source", "Source", "{A2725F6B-58B4-45DD-AF95-0D935A2CABF0}"
EndProject
Project("{2150E333-8FDC-42A3-9474-1A3956D46DE8}") = "Test", "Test", "{11DC1673-E430-476A-9BBC-AD99C921AD3B}"
EndProject
Project("{FAE04EC0-301F-11D3-BF4B-00C04F79EFBC}") = "TontineService.TradeService", "Source\Service\TontineService.TradeService\TontineService.TradeService.csproj", "{D327F39A-0DEF-4264-8F45-1CB238949137}"
EndProject
Project("{FAE04EC0-301F-11D3-BF4B-00C04F79EFBC}") = "TontineModel.DataLayer", "Source\Model\TontineModel.DataLayer\TontineModel.DataLayer.csproj", "{889A5503-31F8-4E88-A458-C71690ED14EF}"
EndProject
Project("{FAE04EC0-301F-11D3-BF4B-00C04F79EFBC}") = "TontineModel.DomainClasses", "Source\Model\TontineModel.DomainClasses\TontineModel.DomainClasses.csproj", "{74633E29-AC94-4B5F-A74F-CBC016CA6096}"
EndProject
Project("{FAE04EC0-301F-11D3-BF4B-00C04F79EFBC}") = "TontineClient.Plutus", "Source\Client\TontineClient.Plutus\TontineClient.Plutus.csproj", "{8C488187-F0E3-4C6F-B958-0236B7D392DF}"
	ProjectSection(ProjectDependencies) = postProject
		{D327F39A-0DEF-4264-8F45-1CB238949137} = {D327F39A-0DEF-4264-8F45-1CB238949137}
	EndProjectSection
EndProject
Project("{FAE04EC0-301F-11D3-BF4B-00C04F79EFBC}") = "TontineClient.Sandbox", "Source\Client\TontineClient.Sandbox\TontineClient.Sandbox.csproj", "{81582912-3C01-4813-A9EB-B5551B5DA108}"
EndProject
Project("{2150E333-8FDC-42A3-9474-1A3956D46DE8}") = "Util", "Util", "{630E4E92-DD37-4815-B117-7A191F91AE39}"
EndProject
Project("{FAE04EC0-301F-11D3-BF4B-00C04F79EFBC}") = "TontineUtil.TradeRepresentationGenerator", "Source\Util\TontineUtil.TradeRepresentationGenerator\TontineUtil.TradeRepresentationGenerator.csproj", "{97963E40-F567-43E3-AB80-5F6C11F0CA96}"
EndProject
Project("{FAE04EC0-301F-11D3-BF4B-00C04F79EFBC}") = "TontineTest.TradeServiceIntegration", "Source\Test\TontineTest.TradeServiceIntegration\TontineTest.TradeServiceIntegration.csproj", "{40E1B3AD-883C-4A18-A3F9-3EF1600A959E}"
EndProject
Project("{FAE04EC0-301F-11D3-BF4B-00C04F79EFBC}") = "TontineTest.TradeServiceUnit", "Source\Test\TontineTest.TradeServiceUnit\TontineTest.TradeServiceUnit.csproj", "{911DA11F-58B5-44E9-9F18-2635AB0D6768}"
EndProject
Project("{FAE04EC0-301F-11D3-BF4B-00C04F79EFBC}") = "TontineService.CountryReferenceData", "Source\Service\TontineService.CountryReferenceData\TontineService.CountryReferenceData.csproj", "{5391D47D-F3F7-4CBE-B4D5-8015BD6EDFCF}"
EndProject
Project("{FAE04EC0-301F-11D3-BF4B-00C04F79EFBC}") = "TontineUtil.CountryAzureTableGenerator", "Source\Util\TontineUtil.CountryAzureTableGenerator\TontineUtil.CountryAzureTableGenerator.csproj", "{76C0AD89-5329-4CA5-9C85-F6A2DA1D3E04}"
EndProject
Project("{FAE04EC0-301F-11D3-BF4B-00C04F79EFBC}") = "TontineClient.Sage", "Source\Client\TontineClient.Sage\TontineClient.Sage.csproj", "{641E205A-EA4A-4801-9C12-B416E7F26AD7}"
EndProject
Global
	GlobalSection(SolutionConfigurationPlatforms) = preSolution
		Debug|Any CPU = Debug|Any CPU
		Release|Any CPU = Release|Any CPU
	EndGlobalSection
	GlobalSection(ProjectConfigurationPlatforms) = postSolution
		{D327F39A-0DEF-4264-8F45-1CB238949137}.Debug|Any CPU.ActiveCfg = Debug|Any CPU
		{D327F39A-0DEF-4264-8F45-1CB238949137}.Debug|Any CPU.Build.0 = Debug|Any CPU
		{D327F39A-0DEF-4264-8F45-1CB238949137}.Release|Any CPU.ActiveCfg = Release|Any CPU
		{D327F39A-0DEF-4264-8F45-1CB238949137}.Release|Any CPU.Build.0 = Release|Any CPU
		{889A5503-31F8-4E88-A458-C71690ED14EF}.Debug|Any CPU.ActiveCfg = Debug|Any CPU
		{889A5503-31F8-4E88-A458-C71690ED14EF}.Debug|Any CPU.Build.0 = Debug|Any CPU
		{889A5503-31F8-4E88-A458-C71690ED14EF}.Release|Any CPU.ActiveCfg = Release|Any CPU
		{889A5503-31F8-4E88-A458-C71690ED14EF}.Release|Any CPU.Build.0 = Release|Any CPU
		{74633E29-AC94-4B5F-A74F-CBC016CA6096}.Debug|Any CPU.ActiveCfg = Debug|Any CPU
		{74633E29-AC94-4B5F-A74F-CBC016CA6096}.Debug|Any CPU.Build.0 = Debug|Any CPU
		{74633E29-AC94-4B5F-A74F-CBC016CA6096}.Release|Any CPU.ActiveCfg = Release|Any CPU
		{74633E29-AC94-4B5F-A74F-CBC016CA6096}.Release|Any CPU.Build.0 = Release|Any CPU
		{8C488187-F0E3-4C6F-B958-0236B7D392DF}.Debug|Any CPU.ActiveCfg = Debug|Any CPU
		{8C488187-F0E3-4C6F-B958-0236B7D392DF}.Debug|Any CPU.Build.0 = Debug|Any CPU
		{8C488187-F0E3-4C6F-B958-0236B7D392DF}.Release|Any CPU.ActiveCfg = Release|Any CPU
		{8C488187-F0E3-4C6F-B958-0236B7D392DF}.Release|Any CPU.Build.0 = Release|Any CPU
		{81582912-3C01-4813-A9EB-B5551B5DA108}.Debug|Any CPU.ActiveCfg = Debug|Any CPU
		{81582912-3C01-4813-A9EB-B5551B5DA108}.Debug|Any CPU.Build.0 = Debug|Any CPU
		{81582912-3C01-4813-A9EB-B5551B5DA108}.Release|Any CPU.ActiveCfg = Release|Any CPU
		{81582912-3C01-4813-A9EB-B5551B5DA108}.Release|Any CPU.Build.0 = Release|Any CPU
		{97963E40-F567-43E3-AB80-5F6C11F0CA96}.Debug|Any CPU.ActiveCfg = Debug|Any CPU
		{97963E40-F567-43E3-AB80-5F6C11F0CA96}.Debug|Any CPU.Build.0 = Debug|Any CPU
		{97963E40-F567-43E3-AB80-5F6C11F0CA96}.Release|Any CPU.ActiveCfg = Release|Any CPU
		{97963E40-F567-43E3-AB80-5F6C11F0CA96}.Release|Any CPU.Build.0 = Release|Any CPU
		{40E1B3AD-883C-4A18-A3F9-3EF1600A959E}.Debug|Any CPU.ActiveCfg = Debug|Any CPU
		{40E1B3AD-883C-4A18-A3F9-3EF1600A959E}.Debug|Any CPU.Build.0 = Debug|Any CPU
		{40E1B3AD-883C-4A18-A3F9-3EF1600A959E}.Release|Any CPU.ActiveCfg = Release|Any CPU
		{40E1B3AD-883C-4A18-A3F9-3EF1600A959E}.Release|Any CPU.Build.0 = Release|Any CPU
		{911DA11F-58B5-44E9-9F18-2635AB0D6768}.Debug|Any CPU.ActiveCfg = Debug|Any CPU
		{911DA11F-58B5-44E9-9F18-2635AB0D6768}.Debug|Any CPU.Build.0 = Debug|Any CPU
		{911DA11F-58B5-44E9-9F18-2635AB0D6768}.Release|Any CPU.ActiveCfg = Release|Any CPU
		{911DA11F-58B5-44E9-9F18-2635AB0D6768}.Release|Any CPU.Build.0 = Release|Any CPU
		{5391D47D-F3F7-4CBE-B4D5-8015BD6EDFCF}.Debug|Any CPU.ActiveCfg = Debug|Any CPU
		{5391D47D-F3F7-4CBE-B4D5-8015BD6EDFCF}.Debug|Any CPU.Build.0 = Debug|Any CPU
		{5391D47D-F3F7-4CBE-B4D5-8015BD6EDFCF}.Release|Any CPU.ActiveCfg = Release|Any CPU
		{5391D47D-F3F7-4CBE-B4D5-8015BD6EDFCF}.Release|Any CPU.Build.0 = Release|Any CPU
		{76C0AD89-5329-4CA5-9C85-F6A2DA1D3E04}.Debug|Any CPU.ActiveCfg = Debug|Any CPU
		{76C0AD89-5329-4CA5-9C85-F6A2DA1D3E04}.Debug|Any CPU.Build.0 = Debug|Any CPU
		{76C0AD89-5329-4CA5-9C85-F6A2DA1D3E04}.Release|Any CPU.ActiveCfg = Release|Any CPU
		{76C0AD89-5329-4CA5-9C85-F6A2DA1D3E04}.Release|Any CPU.Build.0 = Release|Any CPU
		{641E205A-EA4A-4801-9C12-B416E7F26AD7}.Debug|Any CPU.ActiveCfg = Debug|Any CPU
		{641E205A-EA4A-4801-9C12-B416E7F26AD7}.Debug|Any CPU.Build.0 = Debug|Any CPU
		{641E205A-EA4A-4801-9C12-B416E7F26AD7}.Release|Any CPU.ActiveCfg = Release|Any CPU
		{641E205A-EA4A-4801-9C12-B416E7F26AD7}.Release|Any CPU.Build.0 = Release|Any CPU
	EndGlobalSection
	GlobalSection(SolutionProperties) = preSolution
		HideSolutionNode = FALSE
	EndGlobalSection
	GlobalSection(NestedProjects) = preSolution
		{C9459283-A89A-486A-836A-A956B56CD324} = {A2725F6B-58B4-45DD-AF95-0D935A2CABF0}
		{80EE9A51-6E61-470F-BA8D-935689E58A66} = {A2725F6B-58B4-45DD-AF95-0D935A2CABF0}
		{BDA869ED-D2C2-4F00-A50B-FA2EA1FC7605} = {A2725F6B-58B4-45DD-AF95-0D935A2CABF0}
		{11DC1673-E430-476A-9BBC-AD99C921AD3B} = {A2725F6B-58B4-45DD-AF95-0D935A2CABF0}
		{630E4E92-DD37-4815-B117-7A191F91AE39} = {A2725F6B-58B4-45DD-AF95-0D935A2CABF0}
		{8C488187-F0E3-4C6F-B958-0236B7D392DF} = {C9459283-A89A-486A-836A-A956B56CD324}
		{81582912-3C01-4813-A9EB-B5551B5DA108} = {C9459283-A89A-486A-836A-A956B56CD324}
		{641E205A-EA4A-4801-9C12-B416E7F26AD7} = {C9459283-A89A-486A-836A-A956B56CD324}
		{889A5503-31F8-4E88-A458-C71690ED14EF} = {80EE9A51-6E61-470F-BA8D-935689E58A66}
		{74633E29-AC94-4B5F-A74F-CBC016CA6096} = {80EE9A51-6E61-470F-BA8D-935689E58A66}
		{D327F39A-0DEF-4264-8F45-1CB238949137} = {BDA869ED-D2C2-4F00-A50B-FA2EA1FC7605}
		{5391D47D-F3F7-4CBE-B4D5-8015BD6EDFCF} = {BDA869ED-D2C2-4F00-A50B-FA2EA1FC7605}
		{40E1B3AD-883C-4A18-A3F9-3EF1600A959E} = {11DC1673-E430-476A-9BBC-AD99C921AD3B}
		{911DA11F-58B5-44E9-9F18-2635AB0D6768} = {11DC1673-E430-476A-9BBC-AD99C921AD3B}
		{97963E40-F567-43E3-AB80-5F6C11F0CA96} = {630E4E92-DD37-4815-B117-7A191F91AE39}
		{76C0AD89-5329-4CA5-9C85-F6A2DA1D3E04} = {630E4E92-DD37-4815-B117-7A191F91AE39}
	EndGlobalSection
EndGlobal
